{
    "version": 3,
    "terraform_version": "0.11.10",
    "serial": 6,
    "lineage": "e629ba8a-c1a6-cec9-6fe4-dfba10150306",
    "modules": [
        {
            "path": [
                "root"
            ],
            "outputs": {},
            "resources": {
                "data.oci_core_services.OCIServices": {
                    "type": "oci_core_services",
                    "depends_on": [],
                    "primary": {
                        "id": "2018-11-10 07:57:49.4771667 +0000 UTC",
                        "attributes": {
                            "filter.#": "1",
                            "filter.2841581091.name": "name",
                            "filter.2841581091.regex": "true",
                            "filter.2841581091.values.#": "1",
                            "filter.2841581091.values.0": ".*Object.*Storage",
                            "id": "2018-11-10 07:57:49.4771667 +0000 UTC",
                            "services.#": "1",
                            "services.0.cidr_block": "oci-fra-objectstorage",
                            "services.0.description": "OCI FRA Object Storage",
                            "services.0.id": "ocid1.service.oc1.eu-frankfurt-1.aaaaaaaalblrg4eycfxwohulzwwq63btwptzs2hva3muxfan5ro5x7glehtq",
                            "services.0.name": "OCI FRA Object Storage"
                        },
                        "meta": {},
                        "tainted": false
                    },
                    "deposed": [],
                    "provider": "provider.oci"
                },
                "data.oci_identity_availability_domains.AD": {
                    "type": "oci_identity_availability_domains",
                    "depends_on": [],
                    "primary": {
                        "id": "2018-11-10 07:57:49.4776688 +0000 UTC",
                        "attributes": {
                            "availability_domains.#": "3",
                            "availability_domains.0.compartment_id": "ocid1.compartment.oc1..aaaaaaaaza5vfh3diisvf22lji7mcth4jnozi4mllzxg4hoar5rz6g5vusrq",
                            "availability_domains.0.name": "LBSi:EU-FRANKFURT-1-AD-1",
                            "availability_domains.1.compartment_id": "ocid1.compartment.oc1..aaaaaaaaza5vfh3diisvf22lji7mcth4jnozi4mllzxg4hoar5rz6g5vusrq",
                            "availability_domains.1.name": "LBSi:EU-FRANKFURT-1-AD-2",
                            "availability_domains.2.compartment_id": "ocid1.compartment.oc1..aaaaaaaaza5vfh3diisvf22lji7mcth4jnozi4mllzxg4hoar5rz6g5vusrq",
                            "availability_domains.2.name": "LBSi:EU-FRANKFURT-1-AD-3",
                            "compartment_id": "ocid1.compartment.oc1..aaaaaaaaza5vfh3diisvf22lji7mcth4jnozi4mllzxg4hoar5rz6g5vusrq",
                            "id": "2018-11-10 07:57:49.4776688 +0000 UTC"
                        },
                        "meta": {},
                        "tainted": false
                    },
                    "deposed": [],
                    "provider": "provider.oci"
                },
                "oci_core_dhcp_options.APP-DHCP": {
                    "type": "oci_core_dhcp_options",
                    "depends_on": [
                        "oci_core_virtual_network.DefaultVCN"
                    ],
                    "primary": {
                        "id": "ocid1.dhcpoptions.oc1.eu-frankfurt-1.aaaaaaaamgs4xrlk6fimnzjirtkt7mz6uzyhity57523jdjeqjigk2qzgvia",
                        "attributes": {
                            "compartment_id": "ocid1.compartment.oc1..aaaaaaaaza5vfh3diisvf22lji7mcth4jnozi4mllzxg4hoar5rz6g5vusrq",
                            "defined_tags.%": "0",
                            "display_name": "APP-DHCP",
                            "freeform_tags.%": "0",
                            "id": "ocid1.dhcpoptions.oc1.eu-frankfurt-1.aaaaaaaamgs4xrlk6fimnzjirtkt7mz6uzyhity57523jdjeqjigk2qzgvia",
                            "options.#": "2",
                            "options.0.custom_dns_servers.#": "0",
                            "options.0.search_domain_names.#": "0",
                            "options.0.server_type": "VcnLocalPlusInternet",
                            "options.0.type": "DomainNameServer",
                            "options.1.custom_dns_servers.#": "0",
                            "options.1.search_domain_names.#": "1",
                            "options.1.search_domain_names.0": "SandBoxvcn.oraclevcn.com",
                            "options.1.server_type": "",
                            "options.1.type": "SearchDomain",
                            "state": "AVAILABLE",
                            "time_created": "2018-11-10 07:58:02.604 +0000 UTC",
                            "vcn_id": "ocid1.vcn.oc1.eu-frankfurt-1.aaaaaaaa2j2a3wdi7psw7yeamfg3fwgttds76ytugkur5mfb3fln4hx3cbmq"
                        },
                        "meta": {
                            "e2bfb730-ecaa-11e6-8f88-34363bc7c4c0": {
                                "create": 900000000000,
                                "delete": 900000000000,
                                "update": 900000000000
                            }
                        },
                        "tainted": false
                    },
                    "deposed": [],
                    "provider": "provider.oci"
                },
                "oci_core_dhcp_options.DB-DHCP": {
                    "type": "oci_core_dhcp_options",
                    "depends_on": [
                        "oci_core_virtual_network.DefaultVCN"
                    ],
                    "primary": {
                        "id": "ocid1.dhcpoptions.oc1.eu-frankfurt-1.aaaaaaaa7hbnihf4wjxqbjha7uv4gq4iystd66pks3zt7yoa3dhsrtujfb6q",
                        "attributes": {
                            "compartment_id": "ocid1.compartment.oc1..aaaaaaaaza5vfh3diisvf22lji7mcth4jnozi4mllzxg4hoar5rz6g5vusrq",
                            "defined_tags.%": "0",
                            "display_name": "DB-DHCP",
                            "freeform_tags.%": "0",
                            "id": "ocid1.dhcpoptions.oc1.eu-frankfurt-1.aaaaaaaa7hbnihf4wjxqbjha7uv4gq4iystd66pks3zt7yoa3dhsrtujfb6q",
                            "options.#": "2",
                            "options.0.custom_dns_servers.#": "0",
                            "options.0.search_domain_names.#": "0",
                            "options.0.server_type": "VcnLocalPlusInternet",
                            "options.0.type": "DomainNameServer",
                            "options.1.custom_dns_servers.#": "0",
                            "options.1.search_domain_names.#": "1",
                            "options.1.search_domain_names.0": "SandBoxvcn.oraclevcn.com",
                            "options.1.server_type": "",
                            "options.1.type": "SearchDomain",
                            "state": "AVAILABLE",
                            "time_created": "2018-11-10 07:58:02.679 +0000 UTC",
                            "vcn_id": "ocid1.vcn.oc1.eu-frankfurt-1.aaaaaaaa2j2a3wdi7psw7yeamfg3fwgttds76ytugkur5mfb3fln4hx3cbmq"
                        },
                        "meta": {
                            "e2bfb730-ecaa-11e6-8f88-34363bc7c4c0": {
                                "create": 900000000000,
                                "delete": 900000000000,
                                "update": 900000000000
                            }
                        },
                        "tainted": false
                    },
                    "deposed": [],
                    "provider": "provider.oci"
                },
                "oci_core_dhcp_options.DMZ-DHCP": {
                    "type": "oci_core_dhcp_options",
                    "depends_on": [
                        "oci_core_virtual_network.DefaultVCN"
                    ],
                    "primary": {
                        "id": "ocid1.dhcpoptions.oc1.eu-frankfurt-1.aaaaaaaacaqhapaid5erhj5oxnlt2tnoefsplluoih6ycn5lhtdszh3bdq6q",
                        "attributes": {
                            "compartment_id": "ocid1.compartment.oc1..aaaaaaaaza5vfh3diisvf22lji7mcth4jnozi4mllzxg4hoar5rz6g5vusrq",
                            "defined_tags.%": "0",
                            "display_name": "DMZ-DHCP",
                            "freeform_tags.%": "0",
                            "id": "ocid1.dhcpoptions.oc1.eu-frankfurt-1.aaaaaaaacaqhapaid5erhj5oxnlt2tnoefsplluoih6ycn5lhtdszh3bdq6q",
                            "options.#": "2",
                            "options.0.custom_dns_servers.#": "0",
                            "options.0.search_domain_names.#": "0",
                            "options.0.server_type": "VcnLocalPlusInternet",
                            "options.0.type": "DomainNameServer",
                            "options.1.custom_dns_servers.#": "0",
                            "options.1.search_domain_names.#": "1",
                            "options.1.search_domain_names.0": "SandBoxvcn.oraclevcn.com",
                            "options.1.server_type": "",
                            "options.1.type": "SearchDomain",
                            "state": "AVAILABLE",
                            "time_created": "2018-11-10 07:58:02.314 +0000 UTC",
                            "vcn_id": "ocid1.vcn.oc1.eu-frankfurt-1.aaaaaaaa2j2a3wdi7psw7yeamfg3fwgttds76ytugkur5mfb3fln4hx3cbmq"
                        },
                        "meta": {
                            "e2bfb730-ecaa-11e6-8f88-34363bc7c4c0": {
                                "create": 900000000000,
                                "delete": 900000000000,
                                "update": 900000000000
                            }
                        },
                        "tainted": false
                    },
                    "deposed": [],
                    "provider": "provider.oci"
                },
                "oci_core_dhcp_options.MGMT-DHCP": {
                    "type": "oci_core_dhcp_options",
                    "depends_on": [
                        "oci_core_virtual_network.DefaultVCN"
                    ],
                    "primary": {
                        "id": "ocid1.dhcpoptions.oc1.eu-frankfurt-1.aaaaaaaap2yoixtgam2bkhcnxbuhgumfj5bnw2ygpzxbwwykhhomccpzqnxa",
                        "attributes": {
                            "compartment_id": "ocid1.compartment.oc1..aaaaaaaaza5vfh3diisvf22lji7mcth4jnozi4mllzxg4hoar5rz6g5vusrq",
                            "defined_tags.%": "0",
                            "display_name": "MGMT-DHCP",
                            "freeform_tags.%": "0",
                            "id": "ocid1.dhcpoptions.oc1.eu-frankfurt-1.aaaaaaaap2yoixtgam2bkhcnxbuhgumfj5bnw2ygpzxbwwykhhomccpzqnxa",
                            "options.#": "2",
                            "options.0.custom_dns_servers.#": "0",
                            "options.0.search_domain_names.#": "0",
                            "options.0.server_type": "VcnLocalPlusInternet",
                            "options.0.type": "DomainNameServer",
                            "options.1.custom_dns_servers.#": "0",
                            "options.1.search_domain_names.#": "1",
                            "options.1.search_domain_names.0": "SandBoxvcn.oraclevcn.com",
                            "options.1.server_type": "",
                            "options.1.type": "SearchDomain",
                            "state": "AVAILABLE",
                            "time_created": "2018-11-10 07:58:02.434 +0000 UTC",
                            "vcn_id": "ocid1.vcn.oc1.eu-frankfurt-1.aaaaaaaa2j2a3wdi7psw7yeamfg3fwgttds76ytugkur5mfb3fln4hx3cbmq"
                        },
                        "meta": {
                            "e2bfb730-ecaa-11e6-8f88-34363bc7c4c0": {
                                "create": 900000000000,
                                "delete": 900000000000,
                                "update": 900000000000
                            }
                        },
                        "tainted": false
                    },
                    "deposed": [],
                    "provider": "provider.oci"
                },
                "oci_core_internet_gateway.DefaultIGW": {
                    "type": "oci_core_internet_gateway",
                    "depends_on": [
                        "oci_core_virtual_network.DefaultVCN"
                    ],
                    "primary": {
                        "id": "ocid1.internetgateway.oc1.eu-frankfurt-1.aaaaaaaalc52itabdtubu4ivbnc3hvvxft7wlaiiu5gbelzp7w4sglfxr76q",
                        "attributes": {
                            "compartment_id": "ocid1.compartment.oc1..aaaaaaaaza5vfh3diisvf22lji7mcth4jnozi4mllzxg4hoar5rz6g5vusrq",
                            "defined_tags.%": "0",
                            "display_name": "SandBoxIGW",
                            "enabled": "true",
                            "freeform_tags.%": "0",
                            "id": "ocid1.internetgateway.oc1.eu-frankfurt-1.aaaaaaaalc52itabdtubu4ivbnc3hvvxft7wlaiiu5gbelzp7w4sglfxr76q",
                            "state": "AVAILABLE",
                            "time_created": "2018-11-10 07:58:03.088 +0000 UTC",
                            "vcn_id": "ocid1.vcn.oc1.eu-frankfurt-1.aaaaaaaa2j2a3wdi7psw7yeamfg3fwgttds76ytugkur5mfb3fln4hx3cbmq"
                        },
                        "meta": {
                            "e2bfb730-ecaa-11e6-8f88-34363bc7c4c0": {
                                "create": 900000000000,
                                "delete": 900000000000,
                                "update": 900000000000
                            }
                        },
                        "tainted": false
                    },
                    "deposed": [],
                    "provider": "provider.oci"
                },
                "oci_core_nat_gateway.DefaultNGW": {
                    "type": "oci_core_nat_gateway",
                    "depends_on": [
                        "oci_core_virtual_network.DefaultVCN"
                    ],
                    "primary": {
                        "id": "ocid1.natgateway.oc1.eu-frankfurt-1.aaaaaaaaz6dsgbu4jtzfqxsselltrevrln4lnaktjpcmysperyszd6nao5ra",
                        "attributes": {
                            "block_traffic": "false",
                            "compartment_id": "ocid1.compartment.oc1..aaaaaaaaza5vfh3diisvf22lji7mcth4jnozi4mllzxg4hoar5rz6g5vusrq",
                            "defined_tags.%": "0",
                            "display_name": "SandBoxNGW",
                            "freeform_tags.%": "0",
                            "id": "ocid1.natgateway.oc1.eu-frankfurt-1.aaaaaaaaz6dsgbu4jtzfqxsselltrevrln4lnaktjpcmysperyszd6nao5ra",
                            "nat_ip": "130.61.8.159",
                            "state": "AVAILABLE",
                            "time_created": "2018-11-10 07:58:03.28 +0000 UTC",
                            "vcn_id": "ocid1.vcn.oc1.eu-frankfurt-1.aaaaaaaa2j2a3wdi7psw7yeamfg3fwgttds76ytugkur5mfb3fln4hx3cbmq"
                        },
                        "meta": {
                            "e2bfb730-ecaa-11e6-8f88-34363bc7c4c0": {
                                "create": 900000000000,
                                "delete": 900000000000,
                                "update": 900000000000
                            }
                        },
                        "tainted": false
                    },
                    "deposed": [],
                    "provider": "provider.oci"
                },
                "oci_core_route_table.APP-RT": {
                    "type": "oci_core_route_table",
                    "depends_on": [
                        "data.oci_core_services.OCIServices",
                        "oci_core_nat_gateway.DefaultNGW",
                        "oci_core_service_gateway.DefaultSGW",
                        "oci_core_virtual_network.DefaultVCN"
                    ],
                    "primary": {
                        "id": "ocid1.routetable.oc1.eu-frankfurt-1.aaaaaaaaiat3lnfewfdwxzxnw62vwerodrvgwfppnsasdgxfr7xyxv3tunzq",
                        "attributes": {
                            "compartment_id": "ocid1.compartment.oc1..aaaaaaaaza5vfh3diisvf22lji7mcth4jnozi4mllzxg4hoar5rz6g5vusrq",
                            "defined_tags.%": "0",
                            "display_name": "APP-RT",
                            "freeform_tags.%": "0",
                            "id": "ocid1.routetable.oc1.eu-frankfurt-1.aaaaaaaaiat3lnfewfdwxzxnw62vwerodrvgwfppnsasdgxfr7xyxv3tunzq",
                            "route_rules.#": "2",
                            "route_rules.1511595192.cidr_block": "0.0.0.0/0",
                            "route_rules.1511595192.destination": "0.0.0.0/0",
                            "route_rules.1511595192.destination_type": "CIDR_BLOCK",
                            "route_rules.1511595192.network_entity_id": "ocid1.natgateway.oc1.eu-frankfurt-1.aaaaaaaaz6dsgbu4jtzfqxsselltrevrln4lnaktjpcmysperyszd6nao5ra",
                            "route_rules.1724711722.cidr_block": "",
                            "route_rules.1724711722.destination": "oci-fra-objectstorage",
                            "route_rules.1724711722.destination_type": "SERVICE_CIDR_BLOCK",
                            "route_rules.1724711722.network_entity_id": "ocid1.servicegateway.oc1.eu-frankfurt-1.aaaaaaaa7ktxhdrzpfusb5sirel4czefqwyolfidnrxtsmvtypuscms6xtea",
                            "state": "AVAILABLE",
                            "time_created": "2018-11-10 07:58:07.217 +0000 UTC",
                            "vcn_id": "ocid1.vcn.oc1.eu-frankfurt-1.aaaaaaaa2j2a3wdi7psw7yeamfg3fwgttds76ytugkur5mfb3fln4hx3cbmq"
                        },
                        "meta": {
                            "e2bfb730-ecaa-11e6-8f88-34363bc7c4c0": {
                                "create": 900000000000,
                                "delete": 900000000000,
                                "update": 900000000000
                            }
                        },
                        "tainted": false
                    },
                    "deposed": [],
                    "provider": "provider.oci"
                },
                "oci_core_route_table.DB-RT": {
                    "type": "oci_core_route_table",
                    "depends_on": [
                        "data.oci_core_services.OCIServices",
                        "oci_core_nat_gateway.DefaultNGW",
                        "oci_core_service_gateway.DefaultSGW",
                        "oci_core_virtual_network.DefaultVCN"
                    ],
                    "primary": {
                        "id": "ocid1.routetable.oc1.eu-frankfurt-1.aaaaaaaabanfeubg6plrnh2rcdqefpncdtgsdhf7ljmrfqurixlop2w5jc4q",
                        "attributes": {
                            "compartment_id": "ocid1.compartment.oc1..aaaaaaaaza5vfh3diisvf22lji7mcth4jnozi4mllzxg4hoar5rz6g5vusrq",
                            "defined_tags.%": "0",
                            "display_name": "DB-RT",
                            "freeform_tags.%": "0",
                            "id": "ocid1.routetable.oc1.eu-frankfurt-1.aaaaaaaabanfeubg6plrnh2rcdqefpncdtgsdhf7ljmrfqurixlop2w5jc4q",
                            "route_rules.#": "2",
                            "route_rules.1511595192.cidr_block": "0.0.0.0/0",
                            "route_rules.1511595192.destination": "0.0.0.0/0",
                            "route_rules.1511595192.destination_type": "CIDR_BLOCK",
                            "route_rules.1511595192.network_entity_id": "ocid1.natgateway.oc1.eu-frankfurt-1.aaaaaaaaz6dsgbu4jtzfqxsselltrevrln4lnaktjpcmysperyszd6nao5ra",
                            "route_rules.1724711722.cidr_block": "",
                            "route_rules.1724711722.destination": "oci-fra-objectstorage",
                            "route_rules.1724711722.destination_type": "SERVICE_CIDR_BLOCK",
                            "route_rules.1724711722.network_entity_id": "ocid1.servicegateway.oc1.eu-frankfurt-1.aaaaaaaa7ktxhdrzpfusb5sirel4czefqwyolfidnrxtsmvtypuscms6xtea",
                            "state": "AVAILABLE",
                            "time_created": "2018-11-10 07:58:06.481 +0000 UTC",
                            "vcn_id": "ocid1.vcn.oc1.eu-frankfurt-1.aaaaaaaa2j2a3wdi7psw7yeamfg3fwgttds76ytugkur5mfb3fln4hx3cbmq"
                        },
                        "meta": {
                            "e2bfb730-ecaa-11e6-8f88-34363bc7c4c0": {
                                "create": 900000000000,
                                "delete": 900000000000,
                                "update": 900000000000
                            }
                        },
                        "tainted": false
                    },
                    "deposed": [],
                    "provider": "provider.oci"
                },
                "oci_core_route_table.DMZ-RT": {
                    "type": "oci_core_route_table",
                    "depends_on": [
                        "data.oci_core_services.OCIServices",
                        "oci_core_internet_gateway.DefaultIGW",
                        "oci_core_service_gateway.DefaultSGW",
                        "oci_core_virtual_network.DefaultVCN"
                    ],
                    "primary": {
                        "id": "ocid1.routetable.oc1.eu-frankfurt-1.aaaaaaaa2hd633fbpi36ur5fc6i3ecjd4ceqocpzhwiqrd7j7d2tr5rafu4a",
                        "attributes": {
                            "compartment_id": "ocid1.compartment.oc1..aaaaaaaaza5vfh3diisvf22lji7mcth4jnozi4mllzxg4hoar5rz6g5vusrq",
                            "defined_tags.%": "0",
                            "display_name": "DMZ-RT",
                            "freeform_tags.%": "0",
                            "id": "ocid1.routetable.oc1.eu-frankfurt-1.aaaaaaaa2hd633fbpi36ur5fc6i3ecjd4ceqocpzhwiqrd7j7d2tr5rafu4a",
                            "route_rules.#": "2",
                            "route_rules.1724711722.cidr_block": "",
                            "route_rules.1724711722.destination": "oci-fra-objectstorage",
                            "route_rules.1724711722.destination_type": "SERVICE_CIDR_BLOCK",
                            "route_rules.1724711722.network_entity_id": "ocid1.servicegateway.oc1.eu-frankfurt-1.aaaaaaaa7ktxhdrzpfusb5sirel4czefqwyolfidnrxtsmvtypuscms6xtea",
                            "route_rules.311378872.cidr_block": "0.0.0.0/0",
                            "route_rules.311378872.destination": "0.0.0.0/0",
                            "route_rules.311378872.destination_type": "CIDR_BLOCK",
                            "route_rules.311378872.network_entity_id": "ocid1.internetgateway.oc1.eu-frankfurt-1.aaaaaaaalc52itabdtubu4ivbnc3hvvxft7wlaiiu5gbelzp7w4sglfxr76q",
                            "state": "AVAILABLE",
                            "time_created": "2018-11-10 07:58:06.368 +0000 UTC",
                            "vcn_id": "ocid1.vcn.oc1.eu-frankfurt-1.aaaaaaaa2j2a3wdi7psw7yeamfg3fwgttds76ytugkur5mfb3fln4hx3cbmq"
                        },
                        "meta": {
                            "e2bfb730-ecaa-11e6-8f88-34363bc7c4c0": {
                                "create": 900000000000,
                                "delete": 900000000000,
                                "update": 900000000000
                            }
                        },
                        "tainted": false
                    },
                    "deposed": [],
                    "provider": "provider.oci"
                },
                "oci_core_route_table.MGMT-RT": {
                    "type": "oci_core_route_table",
                    "depends_on": [
                        "data.oci_core_services.OCIServices",
                        "oci_core_nat_gateway.DefaultNGW",
                        "oci_core_service_gateway.DefaultSGW",
                        "oci_core_virtual_network.DefaultVCN"
                    ],
                    "primary": {
                        "id": "ocid1.routetable.oc1.eu-frankfurt-1.aaaaaaaaf2kqfp4orj5p54xmdofky722tgvjwpalij6mocbevvvqgabsy5ma",
                        "attributes": {
                            "compartment_id": "ocid1.compartment.oc1..aaaaaaaaza5vfh3diisvf22lji7mcth4jnozi4mllzxg4hoar5rz6g5vusrq",
                            "defined_tags.%": "0",
                            "display_name": "MGMT-RT",
                            "freeform_tags.%": "0",
                            "id": "ocid1.routetable.oc1.eu-frankfurt-1.aaaaaaaaf2kqfp4orj5p54xmdofky722tgvjwpalij6mocbevvvqgabsy5ma",
                            "route_rules.#": "2",
                            "route_rules.1511595192.cidr_block": "0.0.0.0/0",
                            "route_rules.1511595192.destination": "0.0.0.0/0",
                            "route_rules.1511595192.destination_type": "CIDR_BLOCK",
                            "route_rules.1511595192.network_entity_id": "ocid1.natgateway.oc1.eu-frankfurt-1.aaaaaaaaz6dsgbu4jtzfqxsselltrevrln4lnaktjpcmysperyszd6nao5ra",
                            "route_rules.1724711722.cidr_block": "",
                            "route_rules.1724711722.destination": "oci-fra-objectstorage",
                            "route_rules.1724711722.destination_type": "SERVICE_CIDR_BLOCK",
                            "route_rules.1724711722.network_entity_id": "ocid1.servicegateway.oc1.eu-frankfurt-1.aaaaaaaa7ktxhdrzpfusb5sirel4czefqwyolfidnrxtsmvtypuscms6xtea",
                            "state": "AVAILABLE",
                            "time_created": "2018-11-10 07:58:07.214 +0000 UTC",
                            "vcn_id": "ocid1.vcn.oc1.eu-frankfurt-1.aaaaaaaa2j2a3wdi7psw7yeamfg3fwgttds76ytugkur5mfb3fln4hx3cbmq"
                        },
                        "meta": {
                            "e2bfb730-ecaa-11e6-8f88-34363bc7c4c0": {
                                "create": 900000000000,
                                "delete": 900000000000,
                                "update": 900000000000
                            }
                        },
                        "tainted": false
                    },
                    "deposed": [],
                    "provider": "provider.oci"
                },
                "oci_core_security_list.APP-SL": {
                    "type": "oci_core_security_list",
                    "depends_on": [
                        "oci_core_virtual_network.DefaultVCN"
                    ],
                    "primary": {
                        "id": "ocid1.securitylist.oc1.eu-frankfurt-1.aaaaaaaaoxjubxlgmgebu6a4co7vnon6ol3hwnyqn6ta7mbtsyvqynp45iga",
                        "attributes": {
                            "compartment_id": "ocid1.compartment.oc1..aaaaaaaaza5vfh3diisvf22lji7mcth4jnozi4mllzxg4hoar5rz6g5vusrq",
                            "defined_tags.%": "0",
                            "display_name": "APP-SL",
                            "egress_security_rules.#": "3",
                            "egress_security_rules.3028235850.destination": "192.168.241.192/26",
                            "egress_security_rules.3028235850.destination_type": "CIDR_BLOCK",
                            "egress_security_rules.3028235850.icmp_options.#": "0",
                            "egress_security_rules.3028235850.protocol": "6",
                            "egress_security_rules.3028235850.stateless": "false",
                            "egress_security_rules.3028235850.tcp_options.#": "1",
                            "egress_security_rules.3028235850.tcp_options.0.max": "1521",
                            "egress_security_rules.3028235850.tcp_options.0.min": "1521",
                            "egress_security_rules.3028235850.tcp_options.0.source_port_range.#": "0",
                            "egress_security_rules.3028235850.udp_options.#": "0",
                            "egress_security_rules.3814529560.destination": "192.168.242.192/26",
                            "egress_security_rules.3814529560.destination_type": "CIDR_BLOCK",
                            "egress_security_rules.3814529560.icmp_options.#": "0",
                            "egress_security_rules.3814529560.protocol": "6",
                            "egress_security_rules.3814529560.stateless": "false",
                            "egress_security_rules.3814529560.tcp_options.#": "1",
                            "egress_security_rules.3814529560.tcp_options.0.max": "1521",
                            "egress_security_rules.3814529560.tcp_options.0.min": "1521",
                            "egress_security_rules.3814529560.tcp_options.0.source_port_range.#": "0",
                            "egress_security_rules.3814529560.udp_options.#": "0",
                            "egress_security_rules.810430395.destination": "192.168.240.192/26",
                            "egress_security_rules.810430395.destination_type": "CIDR_BLOCK",
                            "egress_security_rules.810430395.icmp_options.#": "0",
                            "egress_security_rules.810430395.protocol": "6",
                            "egress_security_rules.810430395.stateless": "false",
                            "egress_security_rules.810430395.tcp_options.#": "1",
                            "egress_security_rules.810430395.tcp_options.0.max": "1521",
                            "egress_security_rules.810430395.tcp_options.0.min": "1521",
                            "egress_security_rules.810430395.tcp_options.0.source_port_range.#": "0",
                            "egress_security_rules.810430395.udp_options.#": "0",
                            "freeform_tags.%": "0",
                            "id": "ocid1.securitylist.oc1.eu-frankfurt-1.aaaaaaaaoxjubxlgmgebu6a4co7vnon6ol3hwnyqn6ta7mbtsyvqynp45iga",
                            "ingress_security_rules.#": "10",
                            "ingress_security_rules.125971837.icmp_options.#": "0",
                            "ingress_security_rules.125971837.protocol": "6",
                            "ingress_security_rules.125971837.source": "192.168.240.64/26",
                            "ingress_security_rules.125971837.source_type": "CIDR_BLOCK",
                            "ingress_security_rules.125971837.stateless": "false",
                            "ingress_security_rules.125971837.tcp_options.#": "1",
                            "ingress_security_rules.125971837.tcp_options.0.max": "443",
                            "ingress_security_rules.125971837.tcp_options.0.min": "443",
                            "ingress_security_rules.125971837.tcp_options.0.source_port_range.#": "0",
                            "ingress_security_rules.125971837.udp_options.#": "0",
                            "ingress_security_rules.1912154967.icmp_options.#": "0",
                            "ingress_security_rules.1912154967.protocol": "6",
                            "ingress_security_rules.1912154967.source": "192.168.240.64/26",
                            "ingress_security_rules.1912154967.source_type": "CIDR_BLOCK",
                            "ingress_security_rules.1912154967.stateless": "false",
                            "ingress_security_rules.1912154967.tcp_options.#": "1",
                            "ingress_security_rules.1912154967.tcp_options.0.max": "80",
                            "ingress_security_rules.1912154967.tcp_options.0.min": "80",
                            "ingress_security_rules.1912154967.tcp_options.0.source_port_range.#": "0",
                            "ingress_security_rules.1912154967.udp_options.#": "0",
                            "ingress_security_rules.2500049925.icmp_options.#": "0",
                            "ingress_security_rules.2500049925.protocol": "6",
                            "ingress_security_rules.2500049925.source": "192.168.240.64/26",
                            "ingress_security_rules.2500049925.source_type": "CIDR_BLOCK",
                            "ingress_security_rules.2500049925.stateless": "false",
                            "ingress_security_rules.2500049925.tcp_options.#": "1",
                            "ingress_security_rules.2500049925.tcp_options.0.max": "22",
                            "ingress_security_rules.2500049925.tcp_options.0.min": "22",
                            "ingress_security_rules.2500049925.tcp_options.0.source_port_range.#": "0",
                            "ingress_security_rules.2500049925.udp_options.#": "0",
                            "ingress_security_rules.2615114660.icmp_options.#": "0",
                            "ingress_security_rules.2615114660.protocol": "6",
                            "ingress_security_rules.2615114660.source": "192.168.242.64/26",
                            "ingress_security_rules.2615114660.source_type": "CIDR_BLOCK",
                            "ingress_security_rules.2615114660.stateless": "false",
                            "ingress_security_rules.2615114660.tcp_options.#": "1",
                            "ingress_security_rules.2615114660.tcp_options.0.max": "443",
                            "ingress_security_rules.2615114660.tcp_options.0.min": "443",
                            "ingress_security_rules.2615114660.tcp_options.0.source_port_range.#": "0",
                            "ingress_security_rules.2615114660.udp_options.#": "0",
                            "ingress_security_rules.2752775473.icmp_options.#": "0",
                            "ingress_security_rules.2752775473.protocol": "6",
                            "ingress_security_rules.2752775473.source": "192.168.241.64/26",
                            "ingress_security_rules.2752775473.source_type": "CIDR_BLOCK",
                            "ingress_security_rules.2752775473.stateless": "false",
                            "ingress_security_rules.2752775473.tcp_options.#": "1",
                            "ingress_security_rules.2752775473.tcp_options.0.max": "443",
                            "ingress_security_rules.2752775473.tcp_options.0.min": "443",
                            "ingress_security_rules.2752775473.tcp_options.0.source_port_range.#": "0",
                            "ingress_security_rules.2752775473.udp_options.#": "0",
                            "ingress_security_rules.3524283134.icmp_options.#": "0",
                            "ingress_security_rules.3524283134.protocol": "6",
                            "ingress_security_rules.3524283134.source": "192.168.241.64/26",
                            "ingress_security_rules.3524283134.source_type": "CIDR_BLOCK",
                            "ingress_security_rules.3524283134.stateless": "false",
                            "ingress_security_rules.3524283134.tcp_options.#": "1",
                            "ingress_security_rules.3524283134.tcp_options.0.max": "22",
                            "ingress_security_rules.3524283134.tcp_options.0.min": "22",
                            "ingress_security_rules.3524283134.tcp_options.0.source_port_range.#": "0",
                            "ingress_security_rules.3524283134.udp_options.#": "0",
                            "ingress_security_rules.4292789921.icmp_options.#": "0",
                            "ingress_security_rules.4292789921.protocol": "6",
                            "ingress_security_rules.4292789921.source": "192.168.242.64/26",
                            "ingress_security_rules.4292789921.source_type": "CIDR_BLOCK",
                            "ingress_security_rules.4292789921.stateless": "false",
                            "ingress_security_rules.4292789921.tcp_options.#": "1",
                            "ingress_security_rules.4292789921.tcp_options.0.max": "80",
                            "ingress_security_rules.4292789921.tcp_options.0.min": "80",
                            "ingress_security_rules.4292789921.tcp_options.0.source_port_range.#": "0",
                            "ingress_security_rules.4292789921.udp_options.#": "0",
                            "ingress_security_rules.455365107.icmp_options.#": "0",
                            "ingress_security_rules.455365107.protocol": "6",
                            "ingress_security_rules.455365107.source": "192.168.242.64/26",
                            "ingress_security_rules.455365107.source_type": "CIDR_BLOCK",
                            "ingress_security_rules.455365107.stateless": "false",
                            "ingress_security_rules.455365107.tcp_options.#": "1",
                            "ingress_security_rules.455365107.tcp_options.0.max": "22",
                            "ingress_security_rules.455365107.tcp_options.0.min": "22",
                            "ingress_security_rules.455365107.tcp_options.0.source_port_range.#": "0",
                            "ingress_security_rules.455365107.udp_options.#": "0",
                            "ingress_security_rules.480679317.icmp_options.#": "0",
                            "ingress_security_rules.480679317.protocol": "1",
                            "ingress_security_rules.480679317.source": "192.168.240.0/22",
                            "ingress_security_rules.480679317.source_type": "CIDR_BLOCK",
                            "ingress_security_rules.480679317.stateless": "false",
                            "ingress_security_rules.480679317.tcp_options.#": "0",
                            "ingress_security_rules.480679317.udp_options.#": "0",
                            "ingress_security_rules.921361836.icmp_options.#": "0",
                            "ingress_security_rules.921361836.protocol": "6",
                            "ingress_security_rules.921361836.source": "192.168.241.64/26",
                            "ingress_security_rules.921361836.source_type": "CIDR_BLOCK",
                            "ingress_security_rules.921361836.stateless": "false",
                            "ingress_security_rules.921361836.tcp_options.#": "1",
                            "ingress_security_rules.921361836.tcp_options.0.max": "80",
                            "ingress_security_rules.921361836.tcp_options.0.min": "80",
                            "ingress_security_rules.921361836.tcp_options.0.source_port_range.#": "0",
                            "ingress_security_rules.921361836.udp_options.#": "0",
                            "state": "AVAILABLE",
                            "time_created": "2018-11-10 07:58:03.061 +0000 UTC",
                            "vcn_id": "ocid1.vcn.oc1.eu-frankfurt-1.aaaaaaaa2j2a3wdi7psw7yeamfg3fwgttds76ytugkur5mfb3fln4hx3cbmq"
                        },
                        "meta": {
                            "e2bfb730-ecaa-11e6-8f88-34363bc7c4c0": {
                                "create": 900000000000,
                                "delete": 900000000000,
                                "update": 900000000000
                            }
                        },
                        "tainted": false
                    },
                    "deposed": [],
                    "provider": "provider.oci"
                },
                "oci_core_security_list.BST-SL": {
                    "type": "oci_core_security_list",
                    "depends_on": [
                        "oci_core_virtual_network.DefaultVCN"
                    ],
                    "primary": {
                        "id": "ocid1.securitylist.oc1.eu-frankfurt-1.aaaaaaaacosym6kskcxldkfbeocv7jcjwvxkrcm6wuwstiutzw7rizsxsphq",
                        "attributes": {
                            "compartment_id": "ocid1.compartment.oc1..aaaaaaaaza5vfh3diisvf22lji7mcth4jnozi4mllzxg4hoar5rz6g5vusrq",
                            "defined_tags.%": "0",
                            "display_name": "DMZ-SL",
                            "egress_security_rules.#": "1",
                            "egress_security_rules.1582479153.destination": "0.0.0.0/0",
                            "egress_security_rules.1582479153.destination_type": "CIDR_BLOCK",
                            "egress_security_rules.1582479153.icmp_options.#": "0",
                            "egress_security_rules.1582479153.protocol": "all",
                            "egress_security_rules.1582479153.stateless": "false",
                            "egress_security_rules.1582479153.tcp_options.#": "0",
                            "egress_security_rules.1582479153.udp_options.#": "0",
                            "freeform_tags.%": "0",
                            "id": "ocid1.securitylist.oc1.eu-frankfurt-1.aaaaaaaacosym6kskcxldkfbeocv7jcjwvxkrcm6wuwstiutzw7rizsxsphq",
                            "ingress_security_rules.#": "2",
                            "ingress_security_rules.2986978097.icmp_options.#": "0",
                            "ingress_security_rules.2986978097.protocol": "6",
                            "ingress_security_rules.2986978097.source": "0.0.0.0/0",
                            "ingress_security_rules.2986978097.source_type": "CIDR_BLOCK",
                            "ingress_security_rules.2986978097.stateless": "false",
                            "ingress_security_rules.2986978097.tcp_options.#": "1",
                            "ingress_security_rules.2986978097.tcp_options.0.max": "443",
                            "ingress_security_rules.2986978097.tcp_options.0.min": "443",
                            "ingress_security_rules.2986978097.tcp_options.0.source_port_range.#": "0",
                            "ingress_security_rules.2986978097.udp_options.#": "0",
                            "ingress_security_rules.47193274.icmp_options.#": "0",
                            "ingress_security_rules.47193274.protocol": "6",
                            "ingress_security_rules.47193274.source": "0.0.0.0/0",
                            "ingress_security_rules.47193274.source_type": "CIDR_BLOCK",
                            "ingress_security_rules.47193274.stateless": "false",
                            "ingress_security_rules.47193274.tcp_options.#": "1",
                            "ingress_security_rules.47193274.tcp_options.0.max": "22",
                            "ingress_security_rules.47193274.tcp_options.0.min": "22",
                            "ingress_security_rules.47193274.tcp_options.0.source_port_range.#": "0",
                            "ingress_security_rules.47193274.udp_options.#": "0",
                            "state": "AVAILABLE",
                            "time_created": "2018-11-10 07:58:02.491 +0000 UTC",
                            "vcn_id": "ocid1.vcn.oc1.eu-frankfurt-1.aaaaaaaa2j2a3wdi7psw7yeamfg3fwgttds76ytugkur5mfb3fln4hx3cbmq"
                        },
                        "meta": {
                            "e2bfb730-ecaa-11e6-8f88-34363bc7c4c0": {
                                "create": 900000000000,
                                "delete": 900000000000,
                                "update": 900000000000
                            }
                        },
                        "tainted": false
                    },
                    "deposed": [],
                    "provider": "provider.oci"
                },
                "oci_core_security_list.DB-SL": {
                    "type": "oci_core_security_list",
                    "depends_on": [
                        "oci_core_virtual_network.DefaultVCN"
                    ],
                    "primary": {
                        "id": "ocid1.securitylist.oc1.eu-frankfurt-1.aaaaaaaal7qo72hqrmuqhliyhs5npusvmzhq2qmj2qbfyfgs3obft5agiwka",
                        "attributes": {
                            "compartment_id": "ocid1.compartment.oc1..aaaaaaaaza5vfh3diisvf22lji7mcth4jnozi4mllzxg4hoar5rz6g5vusrq",
                            "defined_tags.%": "0",
                            "display_name": "DB-SL",
                            "egress_security_rules.#": "0",
                            "freeform_tags.%": "0",
                            "id": "ocid1.securitylist.oc1.eu-frankfurt-1.aaaaaaaal7qo72hqrmuqhliyhs5npusvmzhq2qmj2qbfyfgs3obft5agiwka",
                            "ingress_security_rules.#": "12",
                            "ingress_security_rules.1589337061.icmp_options.#": "0",
                            "ingress_security_rules.1589337061.protocol": "6",
                            "ingress_security_rules.1589337061.source": "192.168.240.64/26",
                            "ingress_security_rules.1589337061.source_type": "CIDR_BLOCK",
                            "ingress_security_rules.1589337061.stateless": "false",
                            "ingress_security_rules.1589337061.tcp_options.#": "1",
                            "ingress_security_rules.1589337061.tcp_options.0.max": "1521",
                            "ingress_security_rules.1589337061.tcp_options.0.min": "1521",
                            "ingress_security_rules.1589337061.tcp_options.0.source_port_range.#": "0",
                            "ingress_security_rules.1589337061.udp_options.#": "0",
                            "ingress_security_rules.2353614127.icmp_options.#": "0",
                            "ingress_security_rules.2353614127.protocol": "6",
                            "ingress_security_rules.2353614127.source": "192.168.242.64/26",
                            "ingress_security_rules.2353614127.source_type": "CIDR_BLOCK",
                            "ingress_security_rules.2353614127.stateless": "false",
                            "ingress_security_rules.2353614127.tcp_options.#": "1",
                            "ingress_security_rules.2353614127.tcp_options.0.max": "1521",
                            "ingress_security_rules.2353614127.tcp_options.0.min": "1521",
                            "ingress_security_rules.2353614127.tcp_options.0.source_port_range.#": "0",
                            "ingress_security_rules.2353614127.udp_options.#": "0",
                            "ingress_security_rules.2416518901.icmp_options.#": "0",
                            "ingress_security_rules.2416518901.protocol": "6",
                            "ingress_security_rules.2416518901.source": "192.168.241.128/26",
                            "ingress_security_rules.2416518901.source_type": "CIDR_BLOCK",
                            "ingress_security_rules.2416518901.stateless": "false",
                            "ingress_security_rules.2416518901.tcp_options.#": "1",
                            "ingress_security_rules.2416518901.tcp_options.0.max": "22",
                            "ingress_security_rules.2416518901.tcp_options.0.min": "22",
                            "ingress_security_rules.2416518901.tcp_options.0.source_port_range.#": "0",
                            "ingress_security_rules.2416518901.udp_options.#": "0",
                            "ingress_security_rules.2500049925.icmp_options.#": "0",
                            "ingress_security_rules.2500049925.protocol": "6",
                            "ingress_security_rules.2500049925.source": "192.168.240.64/26",
                            "ingress_security_rules.2500049925.source_type": "CIDR_BLOCK",
                            "ingress_security_rules.2500049925.stateless": "false",
                            "ingress_security_rules.2500049925.tcp_options.#": "1",
                            "ingress_security_rules.2500049925.tcp_options.0.max": "22",
                            "ingress_security_rules.2500049925.tcp_options.0.min": "22",
                            "ingress_security_rules.2500049925.tcp_options.0.source_port_range.#": "0",
                            "ingress_security_rules.2500049925.udp_options.#": "0",
                            "ingress_security_rules.2674753725.icmp_options.#": "0",
                            "ingress_security_rules.2674753725.protocol": "6",
                            "ingress_security_rules.2674753725.source": "192.168.240.128/26",
                            "ingress_security_rules.2674753725.source_type": "CIDR_BLOCK",
                            "ingress_security_rules.2674753725.stateless": "false",
                            "ingress_security_rules.2674753725.tcp_options.#": "1",
                            "ingress_security_rules.2674753725.tcp_options.0.max": "1521",
                            "ingress_security_rules.2674753725.tcp_options.0.min": "1521",
                            "ingress_security_rules.2674753725.tcp_options.0.source_port_range.#": "0",
                            "ingress_security_rules.2674753725.udp_options.#": "0",
                            "ingress_security_rules.2732354657.icmp_options.#": "0",
                            "ingress_security_rules.2732354657.protocol": "6",
                            "ingress_security_rules.2732354657.source": "192.168.241.128/26",
                            "ingress_security_rules.2732354657.source_type": "CIDR_BLOCK",
                            "ingress_security_rules.2732354657.stateless": "false",
                            "ingress_security_rules.2732354657.tcp_options.#": "1",
                            "ingress_security_rules.2732354657.tcp_options.0.max": "1521",
                            "ingress_security_rules.2732354657.tcp_options.0.min": "1521",
                            "ingress_security_rules.2732354657.tcp_options.0.source_port_range.#": "0",
                            "ingress_security_rules.2732354657.udp_options.#": "0",
                            "ingress_security_rules.3122732695.icmp_options.#": "0",
                            "ingress_security_rules.3122732695.protocol": "6",
                            "ingress_security_rules.3122732695.source": "192.168.240.128/26",
                            "ingress_security_rules.3122732695.source_type": "CIDR_BLOCK",
                            "ingress_security_rules.3122732695.stateless": "false",
                            "ingress_security_rules.3122732695.tcp_options.#": "1",
                            "ingress_security_rules.3122732695.tcp_options.0.max": "22",
                            "ingress_security_rules.3122732695.tcp_options.0.min": "22",
                            "ingress_security_rules.3122732695.tcp_options.0.source_port_range.#": "0",
                            "ingress_security_rules.3122732695.udp_options.#": "0",
                            "ingress_security_rules.3524283134.icmp_options.#": "0",
                            "ingress_security_rules.3524283134.protocol": "6",
                            "ingress_security_rules.3524283134.source": "192.168.241.64/26",
                            "ingress_security_rules.3524283134.source_type": "CIDR_BLOCK",
                            "ingress_security_rules.3524283134.stateless": "false",
                            "ingress_security_rules.3524283134.tcp_options.#": "1",
                            "ingress_security_rules.3524283134.tcp_options.0.max": "22",
                            "ingress_security_rules.3524283134.tcp_options.0.min": "22",
                            "ingress_security_rules.3524283134.tcp_options.0.source_port_range.#": "0",
                            "ingress_security_rules.3524283134.udp_options.#": "0",
                            "ingress_security_rules.3826145541.icmp_options.#": "0",
                            "ingress_security_rules.3826145541.protocol": "6",
                            "ingress_security_rules.3826145541.source": "192.168.242.128/26",
                            "ingress_security_rules.3826145541.source_type": "CIDR_BLOCK",
                            "ingress_security_rules.3826145541.stateless": "false",
                            "ingress_security_rules.3826145541.tcp_options.#": "1",
                            "ingress_security_rules.3826145541.tcp_options.0.max": "1521",
                            "ingress_security_rules.3826145541.tcp_options.0.min": "1521",
                            "ingress_security_rules.3826145541.tcp_options.0.source_port_range.#": "0",
                            "ingress_security_rules.3826145541.udp_options.#": "0",
                            "ingress_security_rules.4000411219.icmp_options.#": "0",
                            "ingress_security_rules.4000411219.protocol": "6",
                            "ingress_security_rules.4000411219.source": "192.168.242.128/26",
                            "ingress_security_rules.4000411219.source_type": "CIDR_BLOCK",
                            "ingress_security_rules.4000411219.stateless": "false",
                            "ingress_security_rules.4000411219.tcp_options.#": "1",
                            "ingress_security_rules.4000411219.tcp_options.0.max": "22",
                            "ingress_security_rules.4000411219.tcp_options.0.min": "22",
                            "ingress_security_rules.4000411219.tcp_options.0.source_port_range.#": "0",
                            "ingress_security_rules.4000411219.udp_options.#": "0",
                            "ingress_security_rules.455365107.icmp_options.#": "0",
                            "ingress_security_rules.455365107.protocol": "6",
                            "ingress_security_rules.455365107.source": "192.168.242.64/26",
                            "ingress_security_rules.455365107.source_type": "CIDR_BLOCK",
                            "ingress_security_rules.455365107.stateless": "false",
                            "ingress_security_rules.455365107.tcp_options.#": "1",
                            "ingress_security_rules.455365107.tcp_options.0.max": "22",
                            "ingress_security_rules.455365107.tcp_options.0.min": "22",
                            "ingress_security_rules.455365107.tcp_options.0.source_port_range.#": "0",
                            "ingress_security_rules.455365107.udp_options.#": "0",
                            "ingress_security_rules.935481472.icmp_options.#": "0",
                            "ingress_security_rules.935481472.protocol": "6",
                            "ingress_security_rules.935481472.source": "192.168.241.64/26",
                            "ingress_security_rules.935481472.source_type": "CIDR_BLOCK",
                            "ingress_security_rules.935481472.stateless": "false",
                            "ingress_security_rules.935481472.tcp_options.#": "1",
                            "ingress_security_rules.935481472.tcp_options.0.max": "1521",
                            "ingress_security_rules.935481472.tcp_options.0.min": "1521",
                            "ingress_security_rules.935481472.tcp_options.0.source_port_range.#": "0",
                            "ingress_security_rules.935481472.udp_options.#": "0",
                            "state": "AVAILABLE",
                            "time_created": "2018-11-10 07:58:06.341 +0000 UTC",
                            "vcn_id": "ocid1.vcn.oc1.eu-frankfurt-1.aaaaaaaa2j2a3wdi7psw7yeamfg3fwgttds76ytugkur5mfb3fln4hx3cbmq"
                        },
                        "meta": {
                            "e2bfb730-ecaa-11e6-8f88-34363bc7c4c0": {
                                "create": 900000000000,
                                "delete": 900000000000,
                                "update": 900000000000
                            }
                        },
                        "tainted": false
                    },
                    "deposed": [],
                    "provider": "provider.oci"
                },
                "oci_core_security_list.MGMT-SL": {
                    "type": "oci_core_security_list",
                    "depends_on": [
                        "oci_core_virtual_network.DefaultVCN"
                    ],
                    "primary": {
                        "id": "ocid1.securitylist.oc1.eu-frankfurt-1.aaaaaaaacmfipnnerln674zmzsyb3wbvrrcomlpx5barmca52r7rmt6wdv5q",
                        "attributes": {
                            "compartment_id": "ocid1.compartment.oc1..aaaaaaaaza5vfh3diisvf22lji7mcth4jnozi4mllzxg4hoar5rz6g5vusrq",
                            "defined_tags.%": "0",
                            "display_name": "MGMT-SL",
                            "egress_security_rules.#": "18",
                            "egress_security_rules.1115205621.destination": "192.168.242.128/26",
                            "egress_security_rules.1115205621.destination_type": "CIDR_BLOCK",
                            "egress_security_rules.1115205621.icmp_options.#": "0",
                            "egress_security_rules.1115205621.protocol": "6",
                            "egress_security_rules.1115205621.stateless": "false",
                            "egress_security_rules.1115205621.tcp_options.#": "1",
                            "egress_security_rules.1115205621.tcp_options.0.max": "22",
                            "egress_security_rules.1115205621.tcp_options.0.min": "22",
                            "egress_security_rules.1115205621.tcp_options.0.source_port_range.#": "0",
                            "egress_security_rules.1115205621.udp_options.#": "0",
                            "egress_security_rules.1322857161.destination": "192.168.242.192/26",
                            "egress_security_rules.1322857161.destination_type": "CIDR_BLOCK",
                            "egress_security_rules.1322857161.icmp_options.#": "0",
                            "egress_security_rules.1322857161.protocol": "6",
                            "egress_security_rules.1322857161.stateless": "false",
                            "egress_security_rules.1322857161.tcp_options.#": "1",
                            "egress_security_rules.1322857161.tcp_options.0.max": "22",
                            "egress_security_rules.1322857161.tcp_options.0.min": "22",
                            "egress_security_rules.1322857161.tcp_options.0.source_port_range.#": "0",
                            "egress_security_rules.1322857161.udp_options.#": "0",
                            "egress_security_rules.1494290305.destination": "192.168.240.128/26",
                            "egress_security_rules.1494290305.destination_type": "CIDR_BLOCK",
                            "egress_security_rules.1494290305.icmp_options.#": "0",
                            "egress_security_rules.1494290305.protocol": "6",
                            "egress_security_rules.1494290305.stateless": "false",
                            "egress_security_rules.1494290305.tcp_options.#": "1",
                            "egress_security_rules.1494290305.tcp_options.0.max": "80",
                            "egress_security_rules.1494290305.tcp_options.0.min": "80",
                            "egress_security_rules.1494290305.tcp_options.0.source_port_range.#": "0",
                            "egress_security_rules.1494290305.udp_options.#": "0",
                            "egress_security_rules.1791869122.destination": "192.168.242.192/26",
                            "egress_security_rules.1791869122.destination_type": "CIDR_BLOCK",
                            "egress_security_rules.1791869122.icmp_options.#": "0",
                            "egress_security_rules.1791869122.protocol": "6",
                            "egress_security_rules.1791869122.stateless": "false",
                            "egress_security_rules.1791869122.tcp_options.#": "1",
                            "egress_security_rules.1791869122.tcp_options.0.max": "443",
                            "egress_security_rules.1791869122.tcp_options.0.min": "443",
                            "egress_security_rules.1791869122.tcp_options.0.source_port_range.#": "0",
                            "egress_security_rules.1791869122.udp_options.#": "0",
                            "egress_security_rules.2541771365.destination": "192.168.242.128/26",
                            "egress_security_rules.2541771365.destination_type": "CIDR_BLOCK",
                            "egress_security_rules.2541771365.icmp_options.#": "0",
                            "egress_security_rules.2541771365.protocol": "6",
                            "egress_security_rules.2541771365.stateless": "false",
                            "egress_security_rules.2541771365.tcp_options.#": "1",
                            "egress_security_rules.2541771365.tcp_options.0.max": "443",
                            "egress_security_rules.2541771365.tcp_options.0.min": "443",
                            "egress_security_rules.2541771365.tcp_options.0.source_port_range.#": "0",
                            "egress_security_rules.2541771365.udp_options.#": "0",
                            "egress_security_rules.2793552039.destination": "192.168.242.128/26",
                            "egress_security_rules.2793552039.destination_type": "CIDR_BLOCK",
                            "egress_security_rules.2793552039.icmp_options.#": "0",
                            "egress_security_rules.2793552039.protocol": "6",
                            "egress_security_rules.2793552039.stateless": "false",
                            "egress_security_rules.2793552039.tcp_options.#": "1",
                            "egress_security_rules.2793552039.tcp_options.0.max": "80",
                            "egress_security_rules.2793552039.tcp_options.0.min": "80",
                            "egress_security_rules.2793552039.tcp_options.0.source_port_range.#": "0",
                            "egress_security_rules.2793552039.udp_options.#": "0",
                            "egress_security_rules.296622458.destination": "192.168.240.192/26",
                            "egress_security_rules.296622458.destination_type": "CIDR_BLOCK",
                            "egress_security_rules.296622458.icmp_options.#": "0",
                            "egress_security_rules.296622458.protocol": "6",
                            "egress_security_rules.296622458.stateless": "false",
                            "egress_security_rules.296622458.tcp_options.#": "1",
                            "egress_security_rules.296622458.tcp_options.0.max": "443",
                            "egress_security_rules.296622458.tcp_options.0.min": "443",
                            "egress_security_rules.296622458.tcp_options.0.source_port_range.#": "0",
                            "egress_security_rules.296622458.udp_options.#": "0",
                            "egress_security_rules.2974418415.destination": "192.168.240.192/26",
                            "egress_security_rules.2974418415.destination_type": "CIDR_BLOCK",
                            "egress_security_rules.2974418415.icmp_options.#": "0",
                            "egress_security_rules.2974418415.protocol": "6",
                            "egress_security_rules.2974418415.stateless": "false",
                            "egress_security_rules.2974418415.tcp_options.#": "1",
                            "egress_security_rules.2974418415.tcp_options.0.max": "22",
                            "egress_security_rules.2974418415.tcp_options.0.min": "22",
                            "egress_security_rules.2974418415.tcp_options.0.source_port_range.#": "0",
                            "egress_security_rules.2974418415.udp_options.#": "0",
                            "egress_security_rules.3028235850.destination": "192.168.241.192/26",
                            "egress_security_rules.3028235850.destination_type": "CIDR_BLOCK",
                            "egress_security_rules.3028235850.icmp_options.#": "0",
                            "egress_security_rules.3028235850.protocol": "6",
                            "egress_security_rules.3028235850.stateless": "false",
                            "egress_security_rules.3028235850.tcp_options.#": "1",
                            "egress_security_rules.3028235850.tcp_options.0.max": "1521",
                            "egress_security_rules.3028235850.tcp_options.0.min": "1521",
                            "egress_security_rules.3028235850.tcp_options.0.source_port_range.#": "0",
                            "egress_security_rules.3028235850.udp_options.#": "0",
                            "egress_security_rules.3186333907.destination": "192.168.240.128/26",
                            "egress_security_rules.3186333907.destination_type": "CIDR_BLOCK",
                            "egress_security_rules.3186333907.icmp_options.#": "0",
                            "egress_security_rules.3186333907.protocol": "6",
                            "egress_security_rules.3186333907.stateless": "false",
                            "egress_security_rules.3186333907.tcp_options.#": "1",
                            "egress_security_rules.3186333907.tcp_options.0.max": "22",
                            "egress_security_rules.3186333907.tcp_options.0.min": "22",
                            "egress_security_rules.3186333907.tcp_options.0.source_port_range.#": "0",
                            "egress_security_rules.3186333907.udp_options.#": "0",
                            "egress_security_rules.3257008960.destination": "192.168.241.128/26",
                            "egress_security_rules.3257008960.destination_type": "CIDR_BLOCK",
                            "egress_security_rules.3257008960.icmp_options.#": "0",
                            "egress_security_rules.3257008960.protocol": "6",
                            "egress_security_rules.3257008960.stateless": "false",
                            "egress_security_rules.3257008960.tcp_options.#": "1",
                            "egress_security_rules.3257008960.tcp_options.0.max": "22",
                            "egress_security_rules.3257008960.tcp_options.0.min": "22",
                            "egress_security_rules.3257008960.tcp_options.0.source_port_range.#": "0",
                            "egress_security_rules.3257008960.udp_options.#": "0",
                            "egress_security_rules.3464732284.destination": "192.168.241.192/26",
                            "egress_security_rules.3464732284.destination_type": "CIDR_BLOCK",
                            "egress_security_rules.3464732284.icmp_options.#": "0",
                            "egress_security_rules.3464732284.protocol": "6",
                            "egress_security_rules.3464732284.stateless": "false",
                            "egress_security_rules.3464732284.tcp_options.#": "1",
                            "egress_security_rules.3464732284.tcp_options.0.max": "22",
                            "egress_security_rules.3464732284.tcp_options.0.min": "22",
                            "egress_security_rules.3464732284.tcp_options.0.source_port_range.#": "0",
                            "egress_security_rules.3464732284.udp_options.#": "0",
                            "egress_security_rules.3511840513.destination": "192.168.241.128/26",
                            "egress_security_rules.3511840513.destination_type": "CIDR_BLOCK",
                            "egress_security_rules.3511840513.icmp_options.#": "0",
                            "egress_security_rules.3511840513.protocol": "6",
                            "egress_security_rules.3511840513.stateless": "false",
                            "egress_security_rules.3511840513.tcp_options.#": "1",
                            "egress_security_rules.3511840513.tcp_options.0.max": "443",
                            "egress_security_rules.3511840513.tcp_options.0.min": "443",
                            "egress_security_rules.3511840513.tcp_options.0.source_port_range.#": "0",
                            "egress_security_rules.3511840513.udp_options.#": "0",
                            "egress_security_rules.3814529560.destination": "192.168.242.192/26",
                            "egress_security_rules.3814529560.destination_type": "CIDR_BLOCK",
                            "egress_security_rules.3814529560.icmp_options.#": "0",
                            "egress_security_rules.3814529560.protocol": "6",
                            "egress_security_rules.3814529560.stateless": "false",
                            "egress_security_rules.3814529560.tcp_options.#": "1",
                            "egress_security_rules.3814529560.tcp_options.0.max": "1521",
                            "egress_security_rules.3814529560.tcp_options.0.min": "1521",
                            "egress_security_rules.3814529560.tcp_options.0.source_port_range.#": "0",
                            "egress_security_rules.3814529560.udp_options.#": "0",
                            "egress_security_rules.3974333405.destination": "192.168.240.128/26",
                            "egress_security_rules.3974333405.destination_type": "CIDR_BLOCK",
                            "egress_security_rules.3974333405.icmp_options.#": "0",
                            "egress_security_rules.3974333405.protocol": "6",
                            "egress_security_rules.3974333405.stateless": "false",
                            "egress_security_rules.3974333405.tcp_options.#": "1",
                            "egress_security_rules.3974333405.tcp_options.0.max": "443",
                            "egress_security_rules.3974333405.tcp_options.0.min": "443",
                            "egress_security_rules.3974333405.tcp_options.0.source_port_range.#": "0",
                            "egress_security_rules.3974333405.udp_options.#": "0",
                            "egress_security_rules.651727890.destination": "192.168.241.128/26",
                            "egress_security_rules.651727890.destination_type": "CIDR_BLOCK",
                            "egress_security_rules.651727890.icmp_options.#": "0",
                            "egress_security_rules.651727890.protocol": "6",
                            "egress_security_rules.651727890.stateless": "false",
                            "egress_security_rules.651727890.tcp_options.#": "1",
                            "egress_security_rules.651727890.tcp_options.0.max": "80",
                            "egress_security_rules.651727890.tcp_options.0.min": "80",
                            "egress_security_rules.651727890.tcp_options.0.source_port_range.#": "0",
                            "egress_security_rules.651727890.udp_options.#": "0",
                            "egress_security_rules.740292006.destination": "192.168.241.192/26",
                            "egress_security_rules.740292006.destination_type": "CIDR_BLOCK",
                            "egress_security_rules.740292006.icmp_options.#": "0",
                            "egress_security_rules.740292006.protocol": "6",
                            "egress_security_rules.740292006.stateless": "false",
                            "egress_security_rules.740292006.tcp_options.#": "1",
                            "egress_security_rules.740292006.tcp_options.0.max": "443",
                            "egress_security_rules.740292006.tcp_options.0.min": "443",
                            "egress_security_rules.740292006.tcp_options.0.source_port_range.#": "0",
                            "egress_security_rules.740292006.udp_options.#": "0",
                            "egress_security_rules.810430395.destination": "192.168.240.192/26",
                            "egress_security_rules.810430395.destination_type": "CIDR_BLOCK",
                            "egress_security_rules.810430395.icmp_options.#": "0",
                            "egress_security_rules.810430395.protocol": "6",
                            "egress_security_rules.810430395.stateless": "false",
                            "egress_security_rules.810430395.tcp_options.#": "1",
                            "egress_security_rules.810430395.tcp_options.0.max": "1521",
                            "egress_security_rules.810430395.tcp_options.0.min": "1521",
                            "egress_security_rules.810430395.tcp_options.0.source_port_range.#": "0",
                            "egress_security_rules.810430395.udp_options.#": "0",
                            "freeform_tags.%": "0",
                            "id": "ocid1.securitylist.oc1.eu-frankfurt-1.aaaaaaaacmfipnnerln674zmzsyb3wbvrrcomlpx5barmca52r7rmt6wdv5q",
                            "ingress_security_rules.#": "6",
                            "ingress_security_rules.1285824622.icmp_options.#": "0",
                            "ingress_security_rules.1285824622.protocol": "6",
                            "ingress_security_rules.1285824622.source": "192.168.242.0/26",
                            "ingress_security_rules.1285824622.source_type": "CIDR_BLOCK",
                            "ingress_security_rules.1285824622.stateless": "false",
                            "ingress_security_rules.1285824622.tcp_options.#": "1",
                            "ingress_security_rules.1285824622.tcp_options.0.max": "22",
                            "ingress_security_rules.1285824622.tcp_options.0.min": "22",
                            "ingress_security_rules.1285824622.tcp_options.0.source_port_range.#": "0",
                            "ingress_security_rules.1285824622.udp_options.#": "0",
                            "ingress_security_rules.1956621085.icmp_options.#": "0",
                            "ingress_security_rules.1956621085.protocol": "6",
                            "ingress_security_rules.1956621085.source": "192.168.241.0/26",
                            "ingress_security_rules.1956621085.source_type": "CIDR_BLOCK",
                            "ingress_security_rules.1956621085.stateless": "false",
                            "ingress_security_rules.1956621085.tcp_options.#": "1",
                            "ingress_security_rules.1956621085.tcp_options.0.max": "22",
                            "ingress_security_rules.1956621085.tcp_options.0.min": "22",
                            "ingress_security_rules.1956621085.tcp_options.0.source_port_range.#": "0",
                            "ingress_security_rules.1956621085.udp_options.#": "0",
                            "ingress_security_rules.2544074466.icmp_options.#": "0",
                            "ingress_security_rules.2544074466.protocol": "6",
                            "ingress_security_rules.2544074466.source": "192.168.241.0/26",
                            "ingress_security_rules.2544074466.source_type": "CIDR_BLOCK",
                            "ingress_security_rules.2544074466.stateless": "false",
                            "ingress_security_rules.2544074466.tcp_options.#": "1",
                            "ingress_security_rules.2544074466.tcp_options.0.max": "3389",
                            "ingress_security_rules.2544074466.tcp_options.0.min": "3389",
                            "ingress_security_rules.2544074466.tcp_options.0.source_port_range.#": "0",
                            "ingress_security_rules.2544074466.udp_options.#": "0",
                            "ingress_security_rules.3584438259.icmp_options.#": "0",
                            "ingress_security_rules.3584438259.protocol": "6",
                            "ingress_security_rules.3584438259.source": "192.168.240.0/26",
                            "ingress_security_rules.3584438259.source_type": "CIDR_BLOCK",
                            "ingress_security_rules.3584438259.stateless": "false",
                            "ingress_security_rules.3584438259.tcp_options.#": "1",
                            "ingress_security_rules.3584438259.tcp_options.0.max": "22",
                            "ingress_security_rules.3584438259.tcp_options.0.min": "22",
                            "ingress_security_rules.3584438259.tcp_options.0.source_port_range.#": "0",
                            "ingress_security_rules.3584438259.udp_options.#": "0",
                            "ingress_security_rules.3899319665.icmp_options.#": "0",
                            "ingress_security_rules.3899319665.protocol": "6",
                            "ingress_security_rules.3899319665.source": "192.168.240.0/26",
                            "ingress_security_rules.3899319665.source_type": "CIDR_BLOCK",
                            "ingress_security_rules.3899319665.stateless": "false",
                            "ingress_security_rules.3899319665.tcp_options.#": "1",
                            "ingress_security_rules.3899319665.tcp_options.0.max": "3389",
                            "ingress_security_rules.3899319665.tcp_options.0.min": "3389",
                            "ingress_security_rules.3899319665.tcp_options.0.source_port_range.#": "0",
                            "ingress_security_rules.3899319665.udp_options.#": "0",
                            "ingress_security_rules.402248279.icmp_options.#": "0",
                            "ingress_security_rules.402248279.protocol": "6",
                            "ingress_security_rules.402248279.source": "192.168.242.0/26",
                            "ingress_security_rules.402248279.source_type": "CIDR_BLOCK",
                            "ingress_security_rules.402248279.stateless": "false",
                            "ingress_security_rules.402248279.tcp_options.#": "1",
                            "ingress_security_rules.402248279.tcp_options.0.max": "3389",
                            "ingress_security_rules.402248279.tcp_options.0.min": "3389",
                            "ingress_security_rules.402248279.tcp_options.0.source_port_range.#": "0",
                            "ingress_security_rules.402248279.udp_options.#": "0",
                            "state": "AVAILABLE",
                            "time_created": "2018-11-10 07:58:04.385 +0000 UTC",
                            "vcn_id": "ocid1.vcn.oc1.eu-frankfurt-1.aaaaaaaa2j2a3wdi7psw7yeamfg3fwgttds76ytugkur5mfb3fln4hx3cbmq"
                        },
                        "meta": {
                            "e2bfb730-ecaa-11e6-8f88-34363bc7c4c0": {
                                "create": 900000000000,
                                "delete": 900000000000,
                                "update": 900000000000
                            }
                        },
                        "tainted": false
                    },
                    "deposed": [],
                    "provider": "provider.oci"
                },
                "oci_core_service_gateway.DefaultSGW": {
                    "type": "oci_core_service_gateway",
                    "depends_on": [
                        "data.oci_core_services.OCIServices",
                        "oci_core_virtual_network.DefaultVCN"
                    ],
                    "primary": {
                        "id": "ocid1.servicegateway.oc1.eu-frankfurt-1.aaaaaaaa7ktxhdrzpfusb5sirel4czefqwyolfidnrxtsmvtypuscms6xtea",
                        "attributes": {
                            "block_traffic": "false",
                            "compartment_id": "ocid1.compartment.oc1..aaaaaaaaza5vfh3diisvf22lji7mcth4jnozi4mllzxg4hoar5rz6g5vusrq",
                            "defined_tags.%": "0",
                            "display_name": "SandBoxSGW",
                            "freeform_tags.%": "0",
                            "id": "ocid1.servicegateway.oc1.eu-frankfurt-1.aaaaaaaa7ktxhdrzpfusb5sirel4czefqwyolfidnrxtsmvtypuscms6xtea",
                            "services.#": "1",
                            "services.217513968.service_id": "ocid1.service.oc1.eu-frankfurt-1.aaaaaaaalblrg4eycfxwohulzwwq63btwptzs2hva3muxfan5ro5x7glehtq",
                            "services.217513968.service_name": "OCI FRA Object Storage",
                            "state": "AVAILABLE",
                            "time_created": "2018-11-10 07:58:02.519 +0000 UTC",
                            "vcn_id": "ocid1.vcn.oc1.eu-frankfurt-1.aaaaaaaa2j2a3wdi7psw7yeamfg3fwgttds76ytugkur5mfb3fln4hx3cbmq"
                        },
                        "meta": {
                            "e2bfb730-ecaa-11e6-8f88-34363bc7c4c0": {
                                "create": 900000000000,
                                "delete": 900000000000,
                                "update": 900000000000
                            }
                        },
                        "tainted": false
                    },
                    "deposed": [],
                    "provider": "provider.oci"
                },
                "oci_core_subnet.APP-SN-AD1": {
                    "type": "oci_core_subnet",
                    "depends_on": [
                        "data.oci_identity_availability_domains.AD",
                        "oci_core_dhcp_options.APP-DHCP",
                        "oci_core_route_table.APP-RT",
                        "oci_core_security_list.APP-SL",
                        "oci_core_virtual_network.DefaultVCN"
                    ],
                    "primary": {
                        "id": "ocid1.subnet.oc1.eu-frankfurt-1.aaaaaaaamishzwqqtu5ixxbmbboryifiiclz3jpj5kth52rahbmbyqbsvhiq",
                        "attributes": {
                            "availability_domain": "LBSi:EU-FRANKFURT-1-AD-1",
                            "cidr_block": "192.168.240.128/26",
                            "compartment_id": "ocid1.compartment.oc1..aaaaaaaaza5vfh3diisvf22lji7mcth4jnozi4mllzxg4hoar5rz6g5vusrq",
                            "defined_tags.%": "0",
                            "dhcp_options_id": "ocid1.dhcpoptions.oc1.eu-frankfurt-1.aaaaaaaamgs4xrlk6fimnzjirtkt7mz6uzyhity57523jdjeqjigk2qzgvia",
                            "display_name": "APP-Subnet-AD1",
                            "dns_label": "appsnad1",
                            "freeform_tags.%": "0",
                            "id": "ocid1.subnet.oc1.eu-frankfurt-1.aaaaaaaamishzwqqtu5ixxbmbboryifiiclz3jpj5kth52rahbmbyqbsvhiq",
                            "prohibit_public_ip_on_vnic": "true",
                            "route_table_id": "ocid1.routetable.oc1.eu-frankfurt-1.aaaaaaaaiat3lnfewfdwxzxnw62vwerodrvgwfppnsasdgxfr7xyxv3tunzq",
                            "security_list_ids.#": "1",
                            "security_list_ids.3612855934": "ocid1.securitylist.oc1.eu-frankfurt-1.aaaaaaaaoxjubxlgmgebu6a4co7vnon6ol3hwnyqn6ta7mbtsyvqynp45iga",
                            "state": "AVAILABLE",
                            "subnet_domain_name": "appsnad1.sandboxvcn.oraclevcn.com",
                            "time_created": "2018-11-10 07:58:08.173 +0000 UTC",
                            "vcn_id": "ocid1.vcn.oc1.eu-frankfurt-1.aaaaaaaa2j2a3wdi7psw7yeamfg3fwgttds76ytugkur5mfb3fln4hx3cbmq",
                            "virtual_router_ip": "192.168.240.129",
                            "virtual_router_mac": "00:00:17:37:4E:68"
                        },
                        "meta": {
                            "e2bfb730-ecaa-11e6-8f88-34363bc7c4c0": {
                                "create": 900000000000,
                                "delete": 900000000000,
                                "update": 900000000000
                            }
                        },
                        "tainted": false
                    },
                    "deposed": [],
                    "provider": "provider.oci"
                },
                "oci_core_subnet.BST-SN-AD1": {
                    "type": "oci_core_subnet",
                    "depends_on": [
                        "data.oci_identity_availability_domains.AD",
                        "oci_core_dhcp_options.DMZ-DHCP",
                        "oci_core_route_table.DMZ-RT",
                        "oci_core_security_list.BST-SL",
                        "oci_core_virtual_network.DefaultVCN"
                    ],
                    "primary": {
                        "id": "ocid1.subnet.oc1.eu-frankfurt-1.aaaaaaaaqnsxrvrjrhym6b3xtnoiogbbnu74zjz4dkq4p3a3fg6u6bdy7rzq",
                        "attributes": {
                            "availability_domain": "LBSi:EU-FRANKFURT-1-AD-1",
                            "cidr_block": "192.168.240.0/26",
                            "compartment_id": "ocid1.compartment.oc1..aaaaaaaaza5vfh3diisvf22lji7mcth4jnozi4mllzxg4hoar5rz6g5vusrq",
                            "defined_tags.%": "0",
                            "dhcp_options_id": "ocid1.dhcpoptions.oc1.eu-frankfurt-1.aaaaaaaacaqhapaid5erhj5oxnlt2tnoefsplluoih6ycn5lhtdszh3bdq6q",
                            "display_name": "DMZ-Subnet-AD1",
                            "dns_label": "bstsnad1",
                            "freeform_tags.%": "0",
                            "id": "ocid1.subnet.oc1.eu-frankfurt-1.aaaaaaaaqnsxrvrjrhym6b3xtnoiogbbnu74zjz4dkq4p3a3fg6u6bdy7rzq",
                            "prohibit_public_ip_on_vnic": "false",
                            "route_table_id": "ocid1.routetable.oc1.eu-frankfurt-1.aaaaaaaa2hd633fbpi36ur5fc6i3ecjd4ceqocpzhwiqrd7j7d2tr5rafu4a",
                            "security_list_ids.#": "1",
                            "security_list_ids.1593982481": "ocid1.securitylist.oc1.eu-frankfurt-1.aaaaaaaacosym6kskcxldkfbeocv7jcjwvxkrcm6wuwstiutzw7rizsxsphq",
                            "state": "AVAILABLE",
                            "subnet_domain_name": "bstsnad1.sandboxvcn.oraclevcn.com",
                            "time_created": "2018-11-10 07:58:07.347 +0000 UTC",
                            "vcn_id": "ocid1.vcn.oc1.eu-frankfurt-1.aaaaaaaa2j2a3wdi7psw7yeamfg3fwgttds76ytugkur5mfb3fln4hx3cbmq",
                            "virtual_router_ip": "192.168.240.1",
                            "virtual_router_mac": "00:00:17:37:4E:68"
                        },
                        "meta": {
                            "e2bfb730-ecaa-11e6-8f88-34363bc7c4c0": {
                                "create": 900000000000,
                                "delete": 900000000000,
                                "update": 900000000000
                            }
                        },
                        "tainted": false
                    },
                    "deposed": [],
                    "provider": "provider.oci"
                },
                "oci_core_subnet.DB-SN-AD1": {
                    "type": "oci_core_subnet",
                    "depends_on": [
                        "data.oci_identity_availability_domains.AD",
                        "oci_core_dhcp_options.DB-DHCP",
                        "oci_core_route_table.DB-RT",
                        "oci_core_security_list.DB-SL",
                        "oci_core_virtual_network.DefaultVCN"
                    ],
                    "primary": {
                        "id": "ocid1.subnet.oc1.eu-frankfurt-1.aaaaaaaavmn3hsehyaraurmqzu4w7ede67w3avmixzwoccju6vsoa26eyuea",
                        "attributes": {
                            "availability_domain": "LBSi:EU-FRANKFURT-1-AD-1",
                            "cidr_block": "192.168.240.192/26",
                            "compartment_id": "ocid1.compartment.oc1..aaaaaaaaza5vfh3diisvf22lji7mcth4jnozi4mllzxg4hoar5rz6g5vusrq",
                            "defined_tags.%": "0",
                            "dhcp_options_id": "ocid1.dhcpoptions.oc1.eu-frankfurt-1.aaaaaaaa7hbnihf4wjxqbjha7uv4gq4iystd66pks3zt7yoa3dhsrtujfb6q",
                            "display_name": "DB-Subnet-AD1",
                            "dns_label": "dbsnad1",
                            "freeform_tags.%": "0",
                            "id": "ocid1.subnet.oc1.eu-frankfurt-1.aaaaaaaavmn3hsehyaraurmqzu4w7ede67w3avmixzwoccju6vsoa26eyuea",
                            "prohibit_public_ip_on_vnic": "true",
                            "route_table_id": "ocid1.routetable.oc1.eu-frankfurt-1.aaaaaaaabanfeubg6plrnh2rcdqefpncdtgsdhf7ljmrfqurixlop2w5jc4q",
                            "security_list_ids.#": "1",
                            "security_list_ids.221048981": "ocid1.securitylist.oc1.eu-frankfurt-1.aaaaaaaal7qo72hqrmuqhliyhs5npusvmzhq2qmj2qbfyfgs3obft5agiwka",
                            "state": "AVAILABLE",
                            "subnet_domain_name": "dbsnad1.sandboxvcn.oraclevcn.com",
                            "time_created": "2018-11-10 07:58:07.851 +0000 UTC",
                            "vcn_id": "ocid1.vcn.oc1.eu-frankfurt-1.aaaaaaaa2j2a3wdi7psw7yeamfg3fwgttds76ytugkur5mfb3fln4hx3cbmq",
                            "virtual_router_ip": "192.168.240.193",
                            "virtual_router_mac": "00:00:17:37:4E:68"
                        },
                        "meta": {
                            "e2bfb730-ecaa-11e6-8f88-34363bc7c4c0": {
                                "create": 900000000000,
                                "delete": 900000000000,
                                "update": 900000000000
                            }
                        },
                        "tainted": false
                    },
                    "deposed": [],
                    "provider": "provider.oci"
                },
                "oci_core_subnet.MGMT-SN-AD1": {
                    "type": "oci_core_subnet",
                    "depends_on": [
                        "data.oci_identity_availability_domains.AD",
                        "oci_core_dhcp_options.MGMT-DHCP",
                        "oci_core_route_table.MGMT-RT",
                        "oci_core_security_list.MGMT-SL",
                        "oci_core_virtual_network.DefaultVCN"
                    ],
                    "primary": {
                        "id": "ocid1.subnet.oc1.eu-frankfurt-1.aaaaaaaa4q5nqts4dofycyuaqxfwic6x55zdtyh6vo6ct4xvwtigjnshr7hq",
                        "attributes": {
                            "availability_domain": "LBSi:EU-FRANKFURT-1-AD-1",
                            "cidr_block": "192.168.240.64/26",
                            "compartment_id": "ocid1.compartment.oc1..aaaaaaaaza5vfh3diisvf22lji7mcth4jnozi4mllzxg4hoar5rz6g5vusrq",
                            "defined_tags.%": "0",
                            "dhcp_options_id": "ocid1.dhcpoptions.oc1.eu-frankfurt-1.aaaaaaaap2yoixtgam2bkhcnxbuhgumfj5bnw2ygpzxbwwykhhomccpzqnxa",
                            "display_name": "MGMT-Subnet-AD1",
                            "dns_label": "mgmtsnad1",
                            "freeform_tags.%": "0",
                            "id": "ocid1.subnet.oc1.eu-frankfurt-1.aaaaaaaa4q5nqts4dofycyuaqxfwic6x55zdtyh6vo6ct4xvwtigjnshr7hq",
                            "prohibit_public_ip_on_vnic": "true",
                            "route_table_id": "ocid1.routetable.oc1.eu-frankfurt-1.aaaaaaaaf2kqfp4orj5p54xmdofky722tgvjwpalij6mocbevvvqgabsy5ma",
                            "security_list_ids.#": "1",
                            "security_list_ids.3460125750": "ocid1.securitylist.oc1.eu-frankfurt-1.aaaaaaaacmfipnnerln674zmzsyb3wbvrrcomlpx5barmca52r7rmt6wdv5q",
                            "state": "AVAILABLE",
                            "subnet_domain_name": "mgmtsnad1.sandboxvcn.oraclevcn.com",
                            "time_created": "2018-11-10 07:58:08.492 +0000 UTC",
                            "vcn_id": "ocid1.vcn.oc1.eu-frankfurt-1.aaaaaaaa2j2a3wdi7psw7yeamfg3fwgttds76ytugkur5mfb3fln4hx3cbmq",
                            "virtual_router_ip": "192.168.240.65",
                            "virtual_router_mac": "00:00:17:37:4E:68"
                        },
                        "meta": {
                            "e2bfb730-ecaa-11e6-8f88-34363bc7c4c0": {
                                "create": 900000000000,
                                "delete": 900000000000,
                                "update": 900000000000
                            }
                        },
                        "tainted": false
                    },
                    "deposed": [],
                    "provider": "provider.oci"
                },
                "oci_core_virtual_network.DefaultVCN": {
                    "type": "oci_core_virtual_network",
                    "depends_on": [],
                    "primary": {
                        "id": "ocid1.vcn.oc1.eu-frankfurt-1.aaaaaaaa2j2a3wdi7psw7yeamfg3fwgttds76ytugkur5mfb3fln4hx3cbmq",
                        "attributes": {
                            "cidr_block": "192.168.240.0/22",
                            "compartment_id": "ocid1.compartment.oc1..aaaaaaaaza5vfh3diisvf22lji7mcth4jnozi4mllzxg4hoar5rz6g5vusrq",
                            "default_dhcp_options_id": "ocid1.dhcpoptions.oc1.eu-frankfurt-1.aaaaaaaa3lor6leok4mz5txvpbagkhhc5aluyb4stxepxjl3e3mxaf3msdea",
                            "default_route_table_id": "ocid1.routetable.oc1.eu-frankfurt-1.aaaaaaaamd5pzzz46migydgz53cyqvc7f2dxgwntbsmf56hmzr4xawc7kzqq",
                            "default_security_list_id": "ocid1.securitylist.oc1.eu-frankfurt-1.aaaaaaaar64rafupmodq5vbkgksx6lxfawm6ejsb4shdbqoptw6e7himz2qa",
                            "defined_tags.%": "0",
                            "display_name": "SandBoxVCN",
                            "dns_label": "sandboxvcn",
                            "freeform_tags.%": "0",
                            "id": "ocid1.vcn.oc1.eu-frankfurt-1.aaaaaaaa2j2a3wdi7psw7yeamfg3fwgttds76ytugkur5mfb3fln4hx3cbmq",
                            "state": "AVAILABLE",
                            "time_created": "2018-11-10 07:58:01.958 +0000 UTC",
                            "vcn_domain_name": "sandboxvcn.oraclevcn.com"
                        },
                        "meta": {
                            "e2bfb730-ecaa-11e6-8f88-34363bc7c4c0": {
                                "create": 900000000000,
                                "delete": 900000000000,
                                "update": 900000000000
                            }
                        },
                        "tainted": false
                    },
                    "deposed": [],
                    "provider": "provider.oci"
                },
                "oci_core_volume.AppInstance01AD1-BV-01": {
                    "type": "oci_core_volume",
                    "depends_on": [
                        "data.oci_identity_availability_domains.AD"
                    ],
                    "primary": {
                        "id": "ocid1.volume.oc1.eu-frankfurt-1.abtheljr3t45tenwxokxmvj55jvcltv7rfgq2d37tlu2735atmvrm2hysula",
                        "attributes": {
                            "availability_domain": "LBSi:EU-FRANKFURT-1-AD-1",
                            "compartment_id": "ocid1.compartment.oc1..aaaaaaaaza5vfh3diisvf22lji7mcth4jnozi4mllzxg4hoar5rz6g5vusrq",
                            "defined_tags.%": "0",
                            "display_name": "AppInstance01AD1-BV-01",
                            "freeform_tags.%": "0",
                            "id": "ocid1.volume.oc1.eu-frankfurt-1.abtheljr3t45tenwxokxmvj55jvcltv7rfgq2d37tlu2735atmvrm2hysula",
                            "is_hydrated": "true",
                            "size_in_gbs": "50",
                            "size_in_mbs": "51200",
                            "source_details.#": "0",
                            "state": "AVAILABLE",
                            "time_created": "2018-11-10 07:58:01.982 +0000 UTC"
                        },
                        "meta": {
                            "e2bfb730-ecaa-11e6-8f88-34363bc7c4c0": {
                                "create": 900000000000,
                                "delete": 900000000000,
                                "update": 900000000000
                            }
                        },
                        "tainted": false
                    },
                    "deposed": [],
                    "provider": "provider.oci"
                },
                "oci_core_volume.BSTInstance01AD1DataVol01": {
                    "type": "oci_core_volume",
                    "depends_on": [
                        "data.oci_identity_availability_domains.AD"
                    ],
                    "primary": {
                        "id": "ocid1.volume.oc1.eu-frankfurt-1.abtheljrcxjsxbty55endaitlsxqqkbnacmp4wwynzyne2avy7ocgj4fhm6q",
                        "attributes": {
                            "availability_domain": "LBSi:EU-FRANKFURT-1-AD-1",
                            "compartment_id": "ocid1.compartment.oc1..aaaaaaaaza5vfh3diisvf22lji7mcth4jnozi4mllzxg4hoar5rz6g5vusrq",
                            "defined_tags.%": "0",
                            "display_name": "BSTInstance01AD1DataVol01",
                            "freeform_tags.%": "0",
                            "id": "ocid1.volume.oc1.eu-frankfurt-1.abtheljrcxjsxbty55endaitlsxqqkbnacmp4wwynzyne2avy7ocgj4fhm6q",
                            "is_hydrated": "true",
                            "size_in_gbs": "50",
                            "size_in_mbs": "51200",
                            "source_details.#": "0",
                            "state": "AVAILABLE",
                            "time_created": "2018-11-10 07:58:01.945 +0000 UTC"
                        },
                        "meta": {
                            "e2bfb730-ecaa-11e6-8f88-34363bc7c4c0": {
                                "create": 900000000000,
                                "delete": 900000000000,
                                "update": 900000000000
                            }
                        },
                        "tainted": false
                    },
                    "deposed": [],
                    "provider": "provider.oci"
                },
                "oci_database_autonomous_database.SandboxATP": {
                    "type": "oci_database_autonomous_database",
                    "depends_on": [
                        "random_integer.number"
                    ],
                    "primary": {
                        "id": "ocid1.autonomousdatabase.oc1.eu-frankfurt-1.abtheljr6frmte5bygmsvi3etbpry5tbd7rydtwuydnvnowyx2zgecyqp3ua",
                        "attributes": {
                            "admin_password": "ATP-Demo#2018",
                            "compartment_id": "ocid1.compartment.oc1..aaaaaaaaza5vfh3diisvf22lji7mcth4jnozi4mllzxg4hoar5rz6g5vusrq",
                            "connection_strings.#": "1",
                            "connection_strings.0.all_connection_strings.%": "0",
                            "connection_strings.0.high": "adb.eu-frankfurt-1.oraclecloud.com:1522/e3y5ospxkhimz8w_sandbox73_high.atp.oraclecloud.com",
                            "connection_strings.0.low": "adb.eu-frankfurt-1.oraclecloud.com:1522/e3y5ospxkhimz8w_sandbox73_low.atp.oraclecloud.com",
                            "connection_strings.0.medium": "adb.eu-frankfurt-1.oraclecloud.com:1522/e3y5ospxkhimz8w_sandbox73_medium.atp.oraclecloud.com",
                            "cpu_core_count": "2",
                            "data_storage_size_in_tbs": "1",
                            "db_name": "Sandbox73",
                            "db_version": "18.0.3.3",
                            "defined_tags.%": "0",
                            "display_name": "autonomousdatabase20181110075802",
                            "freeform_tags.%": "0",
                            "id": "ocid1.autonomousdatabase.oc1.eu-frankfurt-1.abtheljr6frmte5bygmsvi3etbpry5tbd7rydtwuydnvnowyx2zgecyqp3ua",
                            "license_model": "LICENSE_INCLUDED",
                            "service_console_url": "https://adb.eu-frankfurt-1.oraclecloud.com/console/index.html?tenant_name=OCID1.TENANCY.OC1..AAAAAAAA3PI2X5YQIDQENK4YBIMDUWXVMLWCUXUETZ7K3IUINI4JJLMMY36Q\u0026database_name=SANDBOX73\u0026service_type=ATP",
                            "state": "AVAILABLE",
                            "time_created": "2018-11-10 07:58:02.045 +0000 UTC"
                        },
                        "meta": {
                            "e2bfb730-ecaa-11e6-8f88-34363bc7c4c0": {
                                "create": 900000000000,
                                "delete": 900000000000,
                                "update": 900000000000
                            }
                        },
                        "tainted": false
                    },
                    "deposed": [],
                    "provider": "provider.oci"
                },
                "random_integer.number": {
                    "type": "random_integer",
                    "depends_on": [],
                    "primary": {
                        "id": "73",
                        "attributes": {
                            "id": "73",
                            "max": "99",
                            "min": "1",
                            "result": "73"
                        },
                        "meta": {},
                        "tainted": false
                    },
                    "deposed": [],
                    "provider": "provider.random"
                }
            },
            "depends_on": []
        }
    ]
}
